
Microsoft Visual Studio Solution File, Format Version 12.00
# Visual Studio Version 16
VisualStudioVersion = 16.0.28621.142
MinimumVisualStudioVersion = 10.0.40219.1
Project("{FAE04EC0-301F-11D3-BF4B-00C04F79EFBC}") = "BookingRoom", "BookingRoom\BookingRoom.csproj", "{F536F59B-D9EB-40C5-9723-DA7E5BA3E84A}"
EndProject
Global
	GlobalSection(SolutionConfigurationPlatforms) = preSolution
		Debug|Any CPU = Debug|Any CPU
		Debug|x86 = Debug|x86
		Release|Any CPU = Release|Any CPU
		Release|x86 = Release|x86
	EndGlobalSection
	GlobalSection(ProjectConfigurationPlatforms) = postSolution
		{F536F59B-D9EB-40C5-9723-DA7E5BA3E84A}.Debug|Any CPU.ActiveCfg = Debug|Any CPU
		{F536F59B-D9EB-40C5-9723-DA7E5BA3E84A}.Debug|Any CPU.Build.0 = Debug|Any CPU
		{F536F59B-D9EB-40C5-9723-DA7E5BA3E84A}.Debug|x86.ActiveCfg = Debug|x86
		{F536F59B-D9EB-40C5-9723-DA7E5BA3E84A}.Debug|x86.Build.0 = Debug|x86
		{F536F59B-D9EB-40C5-9723-DA7E5BA3E84A}.Release|Any CPU.ActiveCfg = Release|Any CPU
		{F536F59B-D9EB-40C5-9723-DA7E5BA3E84A}.Release|Any CPU.Build.0 = Release|Any CPU
		{F536F59B-D9EB-40C5-9723-DA7E5BA3E84A}.Release|x86.ActiveCfg = Release|x86
		{F536F59B-D9EB-40C5-9723-DA7E5BA3E84A}.Release|x86.Build.0 = Release|x86
	EndGlobalSection
	GlobalSection(SolutionProperties) = preSolution
		HideSolutionNode = FALSE
	EndGlobalSection
	GlobalSection(ExtensibilityGlobals) = postSolution
		SolutionGuid = {B6A6890E-2712-43A1-BCEE-037640BF620F}
	EndGlobalSection
EndGlobal
